
Microsoft Visual Studio Solution File, Format Version 12.00
# Visual Studio Version 17
VisualStudioVersion = 17.5.002.0
MinimumVisualStudioVersion = 10.0.40219.1
Project("{9A19103F-16F7-4668-BE54-9A1E7A4F7556}") = "EmployeeServiceAPI", "EmployeeServiceAPI\EmployeeServiceAPI.csproj", "{7F90E395-B4DE-4121-B46B-6EE53750156D}"
EndProject
Global
	GlobalSection(SolutionConfigurationPlatforms) = preSolution
		Debug|Any CPU = Debug|Any CPU
		Release|Any CPU = Release|Any CPU
	EndGlobalSection
	GlobalSection(ProjectConfigurationPlatforms) = postSolution
		{7F90E395-B4DE-4121-B46B-6EE53750156D}.Debug|Any CPU.ActiveCfg = Debug|Any CPU
		{7F90E395-B4DE-4121-B46B-6EE53750156D}.Debug|Any CPU.Build.0 = Debug|Any CPU
		{7F90E395-B4DE-4121-B46B-6EE53750156D}.Release|Any CPU.ActiveCfg = Release|Any CPU
		{7F90E395-B4DE-4121-B46B-6EE53750156D}.Release|Any CPU.Build.0 = Release|Any CPU
	EndGlobalSection
	GlobalSection(SolutionProperties) = preSolution
		HideSolutionNode = FALSE
	EndGlobalSection
	GlobalSection(ExtensibilityGlobals) = postSolution
		SolutionGuid = {B3F30318-207E-4725-B394-C603A230C618}
	EndGlobalSection
EndGlobal
